PODS:
  - mokoMvvmFlowSwiftUI (0.16.1)
  - SDWebImage (5.18.2):
    - SDWebImage/Core (= 5.18.2)
  - SDWebImage/Core (5.18.2)
  - SDWebImageSwiftUI (2.2.3):
    - SDWebImage (~> 5.10)
  - shared (1.0)

DEPENDENCIES:
  - mokoMvvmFlowSwiftUI (from `https://raw.githubusercontent.com/icerockdev/moko-mvvm/release/0.16.1/mokoMvvmFlowSwiftUI.podspec`)
  - SDWebImageSwiftUI
  - shared (from `../shared`)

SPEC REPOS:
  trunk:
    - SDWebImage
    - SDWebImageSwiftUI

EXTERNAL SOURCES:
  mokoMvvmFlowSwiftUI:
    :podspec: https://raw.githubusercontent.com/icerockdev/moko-mvvm/release/0.16.1/mokoMvvmFlowSwiftUI.podspec
  shared:
    :path: "../shared"

SPEC CHECKSUMS:
  mokoMvvmFlowSwiftUI: e2ecbc38ea996fc376bf297041aeaad06ac44c89
  SDWebImage: c0de394d7cf7f9838aed1fd6bb6037654a4572e4
  SDWebImageSwiftUI: 17396b7889f9abc27231caaeb64c537564284aab
  shared: d22e29033a2b5a0efa52d701bcf02fc8d9e96808

PODFILE CHECKSUM: 518784156e2fc95a245f52cfbab68ee8a26ef763

COCOAPODS: 1.13.0
